
Microsoft Visual Studio Solution File, Format Version 12.00
# Visual Studio Version 16
VisualStudioVersion = 16.0.31321.278
MinimumVisualStudioVersion = 10.0.40219.1
Project("{FAE04EC0-301F-11D3-BF4B-00C04F79EFBC}") = "HelloWorldCalculator", "HelloWorldCalculator\HelloWorldCalculator.csproj", "{C660AB39-8A37-4C98-A00B-AE41159DCE14}"
EndProject
Global
	GlobalSection(SolutionConfigurationPlatforms) = preSolution
		Debug|Any CPU = Debug|Any CPU
		Release|Any CPU = Release|Any CPU
	EndGlobalSection
	GlobalSection(ProjectConfigurationPlatforms) = postSolution
		{C660AB39-8A37-4C98-A00B-AE41159DCE14}.Debug|Any CPU.ActiveCfg = Debug|Any CPU
		{C660AB39-8A37-4C98-A00B-AE41159DCE14}.Debug|Any CPU.Build.0 = Debug|Any CPU
		{C660AB39-8A37-4C98-A00B-AE41159DCE14}.Release|Any CPU.ActiveCfg = Release|Any CPU
		{C660AB39-8A37-4C98-A00B-AE41159DCE14}.Release|Any CPU.Build.0 = Release|Any CPU
	EndGlobalSection
	GlobalSection(SolutionProperties) = preSolution
		HideSolutionNode = FALSE
	EndGlobalSection
	GlobalSection(ExtensibilityGlobals) = postSolution
		SolutionGuid = {4953428C-8105-4E83-AED1-C380580E3CA1}
	EndGlobalSection
EndGlobal
